// !$*UTF8*$!
{
	archiveVersion = 1;
	classes = {
	};
	objectVersion = 48;
	objects = {

/* Begin PBXBuildFile section */
		9C815F5120AE5356008EDA77 /* AppDelegate.swift in Sources */ = {isa = PBXBuildFile; fileRef = 9C815F5020AE5356008EDA77 /* AppDelegate.swift */; };
		9C815F5320AE5356008EDA77 /* ViewController.swift in Sources */ = {isa = PBXBuildFile; fileRef = 9C815F5220AE5356008EDA77 /* ViewController.swift */; };
		9C815F5620AE5356008EDA77 /* Main.storyboard in Resources */ = {isa = PBXBuildFile; fileRef = 9C815F5420AE5356008EDA77 /* Main.storyboard */; };
		9C815F5820AE5356008EDA77 /* Assets.xcassets in Resources */ = {isa = PBXBuildFile; fileRef = 9C815F5720AE5356008EDA77 /* Assets.xcassets */; };
		9C815F5B20AE5356008EDA77 /* LaunchScreen.storyboard in Resources */ = {isa = PBXBuildFile; fileRef = 9C815F5920AE5356008EDA77 /* LaunchScreen.storyboard */; };
		9C815F6620AE5356008EDA77 /* Obligatorio2Tests.swift in Sources */ = {isa = PBXBuildFile; fileRef = 9C815F6520AE5356008EDA77 /* Obligatorio2Tests.swift */; };
		9C815F7120AE5356008EDA77 /* Obligatorio2UITests.swift in Sources */ = {isa = PBXBuildFile; fileRef = 9C815F7020AE5356008EDA77 /* Obligatorio2UITests.swift */; };
/* End PBXBuildFile section */

/* Begin PBXContainerItemProxy section */
		9C815F6220AE5356008EDA77 /* PBXContainerItemProxy */ = {
			isa = PBXContainerItemProxy;
			containerPortal = 9C815F4520AE5356008EDA77 /* Project object */;
			proxyType = 1;
			remoteGlobalIDString = 9C815F4C20AE5356008EDA77;
			remoteInfo = Obligatorio2;
		};
		9C815F6D20AE5356008EDA77 /* PBXContainerItemProxy */ = {
			isa = PBXContainerItemProxy;
			containerPortal = 9C815F4520AE5356008EDA77 /* Project object */;
			proxyType = 1;
			remoteGlobalIDString = 9C815F4C20AE5356008EDA77;
			remoteInfo = Obligatorio2;
		};
/* End PBXContainerItemProxy section */

/* Begin PBXFileReference section */
		9C815F4D20AE5356008EDA77 /* Obligatorio2.app */ = {isa = PBXFileReference; explicitFileType = wrapper.application; includeInIndex = 0; path = Obligatorio2.app; sourceTree = BUILT_PRODUCTS_DIR; };
		9C815F5020AE5356008EDA77 /* AppDelegate.swift */ = {isa = PBXFileReference; lastKnownFileType = sourcecode.swift; path = AppDelegate.swift; sourceTree = "<group>"; };
		9C815F5220AE5356008EDA77 /* ViewController.swift */ = {isa = PBXFileReference; lastKnownFileType = sourcecode.swift; path = ViewController.swift; sourceTree = "<group>"; };
		9C815F5520AE5356008EDA77 /* Base */ = {isa = PBXFileReference; lastKnownFileType = file.storyboard; name = Base; path = Base.lproj/Main.storyboard; sourceTree = "<group>"; };
		9C815F5720AE5356008EDA77 /* Assets.xcassets */ = {isa = PBXFileReference; lastKnownFileType = folder.assetcatalog; path = Assets.xcassets; sourceTree = "<group>"; };
		9C815F5A20AE5356008EDA77 /* Base */ = {isa = PBXFileReference; lastKnownFileType = file.storyboard; name = Base; path = Base.lproj/LaunchScreen.storyboard; sourceTree = "<group>"; };
		9C815F5C20AE5356008EDA77 /* Info.plist */ = {isa = PBXFileReference; lastKnownFileType = text.plist.xml; path = Info.plist; sourceTree = "<group>"; };
		9C815F6120AE5356008EDA77 /* Obligatorio2Tests.xctest */ = {isa = PBXFileReference; explicitFileType = wrapper.cfbundle; includeInIndex = 0; path = Obligatorio2Tests.xctest; sourceTree = BUILT_PRODUCTS_DIR; };
		9C815F6520AE5356008EDA77 /* Obligatorio2Tests.swift */ = {isa = PBXFileReference; lastKnownFileType = sourcecode.swift; path = Obligatorio2Tests.swift; sourceTree = "<group>"; };
		9C815F6720AE5356008EDA77 /* Info.plist */ = {isa = PBXFileReference; lastKnownFileType = text.plist.xml; path = Info.plist; sourceTree = "<group>"; };
		9C815F6C20AE5356008EDA77 /* Obligatorio2UITests.xctest */ = {isa = PBXFileReference; explicitFileType = wrapper.cfbundle; includeInIndex = 0; path = Obligatorio2UITests.xctest; sourceTree = BUILT_PRODUCTS_DIR; };
		9C815F7020AE5356008EDA77 /* Obligatorio2UITests.swift */ = {isa = PBXFileReference; lastKnownFileType = sourcecode.swift; path = Obligatorio2UITests.swift; sourceTree = "<group>"; };
		9C815F7220AE5356008EDA77 /* Info.plist */ = {isa = PBXFileReference; lastKnownFileType = text.plist.xml; path = Info.plist; sourceTree = "<group>"; };
/* End PBXFileReference section */

/* Begin PBXFrameworksBuildPhase section */
		9C815F4A20AE5356008EDA77 /* Frameworks */ = {
			isa = PBXFrameworksBuildPhase;
			buildActionMask = 2147483647;
			files = (
			);
			runOnlyForDeploymentPostprocessing = 0;
		};
		9C815F5E20AE5356008EDA77 /* Frameworks */ = {
			isa = PBXFrameworksBuildPhase;
			buildActionMask = 2147483647;
			files = (
			);
			runOnlyForDeploymentPostprocessing = 0;
		};
		9C815F6920AE5356008EDA77 /* Frameworks */ = {
			isa = PBXFrameworksBuildPhase;
			buildActionMask = 2147483647;
			files = (
			);
			runOnlyForDeploymentPostprocessing = 0;
		};
/* End PBXFrameworksBuildPhase section */

/* Begin PBXGroup section */
		9C815F4420AE5356008EDA77 = {
			isa = PBXGroup;
			children = (
				9C815F4F20AE5356008EDA77 /* Obligatorio2 */,
				9C815F6420AE5356008EDA77 /* Obligatorio2Tests */,
				9C815F6F20AE5356008EDA77 /* Obligatorio2UITests */,
				9C815F4E20AE5356008EDA77 /* Products */,
			);
			sourceTree = "<group>";
		};
		9C815F4E20AE5356008EDA77 /* Products */ = {
			isa = PBXGroup;
			children = (
				9C815F4D20AE5356008EDA77 /* Obligatorio2.app */,
				9C815F6120AE5356008EDA77 /* Obligatorio2Tests.xctest */,
				9C815F6C20AE5356008EDA77 /* Obligatorio2UITests.xctest */,
			);
			name = Products;
			sourceTree = "<group>";
		};
		9C815F4F20AE5356008EDA77 /* Obligatorio2 */ = {
			isa = PBXGroup;
			children = (
				9C815F5020AE5356008EDA77 /* AppDelegate.swift */,
				9C815F5220AE5356008EDA77 /* ViewController.swift */,
				9C815F5420AE5356008EDA77 /* Main.storyboard */,
				9C815F5720AE5356008EDA77 /* Assets.xcassets */,
				9C815F5920AE5356008EDA77 /* LaunchScreen.storyboard */,
				9C815F5C20AE5356008EDA77 /* Info.plist */,
			);
			path = Obligatorio2;
			sourceTree = "<group>";
		};
		9C815F6420AE5356008EDA77 /* Obligatorio2Tests */ = {
			isa = PBXGroup;
			children = (
				9C815F6520AE5356008EDA77 /* Obligatorio2Tests.swift */,
				9C815F6720AE5356008EDA77 /* Info.plist */,
			);
			path = Obligatorio2Tests;
			sourceTree = "<group>";
		};
		9C815F6F20AE5356008EDA77 /* Obligatorio2UITests */ = {
			isa = PBXGroup;
			children = (
				9C815F7020AE5356008EDA77 /* Obligatorio2UITests.swift */,
				9C815F7220AE5356008EDA77 /* Info.plist */,
			);
			path = Obligatorio2UITests;
			sourceTree = "<group>";
		};
/* End PBXGroup section */

/* Begin PBXNativeTarget section */
		9C815F4C20AE5356008EDA77 /* Obligatorio2 */ = {
			isa = PBXNativeTarget;
			buildConfigurationList = 9C815F7520AE5356008EDA77 /* Build configuration list for PBXNativeTarget "Obligatorio2" */;
			buildPhases = (
				9C815F4920AE5356008EDA77 /* Sources */,
				9C815F4A20AE5356008EDA77 /* Frameworks */,
				9C815F4B20AE5356008EDA77 /* Resources */,
			);
			buildRules = (
			);
			dependencies = (
			);
			name = Obligatorio2;
			productName = Obligatorio2;
			productReference = 9C815F4D20AE5356008EDA77 /* Obligatorio2.app */;
			productType = "com.apple.product-type.application";
		};
		9C815F6020AE5356008EDA77 /* Obligatorio2Tests */ = {
			isa = PBXNativeTarget;
			buildConfigurationList = 9C815F7820AE5356008EDA77 /* Build configuration list for PBXNativeTarget "Obligatorio2Tests" */;
			buildPhases = (
				9C815F5D20AE5356008EDA77 /* Sources */,
				9C815F5E20AE5356008EDA77 /* Frameworks */,
				9C815F5F20AE5356008EDA77 /* Resources */,
			);
			buildRules = (
			);
			dependencies = (
				9C815F6320AE5356008EDA77 /* PBXTargetDependency */,
			);
			name = Obligatorio2Tests;
			productName = Obligatorio2Tests;
			productReference = 9C815F6120AE5356008EDA77 /* Obligatorio2Tests.xctest */;
			productType = "com.apple.product-type.bundle.unit-test";
		};
		9C815F6B20AE5356008EDA77 /* Obligatorio2UITests */ = {
			isa = PBXNativeTarget;
			buildConfigurationList = 9C815F7B20AE5356008EDA77 /* Build configuration list for PBXNativeTarget "Obligatorio2UITests" */;
			buildPhases = (
				9C815F6820AE5356008EDA77 /* Sources */,
				9C815F6920AE5356008EDA77 /* Frameworks */,
				9C815F6A20AE5356008EDA77 /* Resources */,
			);
			buildRules = (
			);
			dependencies = (
				9C815F6E20AE5356008EDA77 /* PBXTargetDependency */,
			);
			name = Obligatorio2UITests;
			productName = Obligatorio2UITests;
			productReference = 9C815F6C20AE5356008EDA77 /* Obligatorio2UITests.xctest */;
			productType = "com.apple.product-type.bundle.ui-testing";
		};
/* End PBXNativeTarget section */

/* Begin PBXProject section */
		9C815F4520AE5356008EDA77 /* Project object */ = {
			isa = PBXProject;
			attributes = {
				LastSwiftUpdateCheck = 0900;
				LastUpgradeCheck = 0900;
				ORGANIZATIONNAME = "Ricardo Umpierrez";
				TargetAttributes = {
					9C815F4C20AE5356008EDA77 = {
						CreatedOnToolsVersion = 9.0;
						ProvisioningStyle = Automatic;
					};
					9C815F6020AE5356008EDA77 = {
						CreatedOnToolsVersion = 9.0;
						ProvisioningStyle = Automatic;
						TestTargetID = 9C815F4C20AE5356008EDA77;
					};
					9C815F6B20AE5356008EDA77 = {
						CreatedOnToolsVersion = 9.0;
						ProvisioningStyle = Automatic;
						TestTargetID = 9C815F4C20AE5356008EDA77;
					};
				};
			};
			buildConfigurationList = 9C815F4820AE5356008EDA77 /* Build configuration list for PBXProject "Obligatorio2" */;
			compatibilityVersion = "Xcode 8.0";
			developmentRegion = en;
			hasScannedForEncodings = 0;
			knownRegions = (
				en,
				Base,
			);
			mainGroup = 9C815F4420AE5356008EDA77;
			productRefGroup = 9C815F4E20AE5356008EDA77 /* Products */;
			projectDirPath = "";
			projectRoot = "";
			targets = (
				9C815F4C20AE5356008EDA77 /* Obligatorio2 */,
				9C815F6020AE5356008EDA77 /* Obligatorio2Tests */,
				9C815F6B20AE5356008EDA77 /* Obligatorio2UITests */,
			);
		};
/* End PBXProject section */

/* Begin PBXResourcesBuildPhase section */
		9C815F4B20AE5356008EDA77 /* Resources */ = {
			isa = PBXResourcesBuildPhase;
			buildActionMask = 2147483647;
			files = (
				9C815F5B20AE5356008EDA77 /* LaunchScreen.storyboard in Resources */,
				9C815F5820AE5356008EDA77 /* Assets.xcassets in Resources */,
				9C815F5620AE5356008EDA77 /* Main.storyboard in Resources */,
			);
			runOnlyForDeploymentPostprocessing = 0;
		};
		9C815F5F20AE5356008EDA77 /* Resources */ = {
			isa = PBXResourcesBuildPhase;
			buildActionMask = 2147483647;
			files = (
			);
			runOnlyForDeploymentPostprocessing = 0;
		};
		9C815F6A20AE5356008EDA77 /* Resources */ = {
			isa = PBXResourcesBuildPhase;
			buildActionMask = 2147483647;
			files = (
			);
			runOnlyForDeploymentPostprocessing = 0;
		};
/* End PBXResourcesBuildPhase section */

/* Begin PBXSourcesBuildPhase section */
		9C815F4920AE5356008EDA77 /* Sources */ = {
			isa = PBXSourcesBuildPhase;
			buildActionMask = 2147483647;
			files = (
				9C815F5320AE5356008EDA77 /* ViewController.swift in Sources */,
				9C815F5120AE5356008EDA77 /* AppDelegate.swift in Sources */,
			);
			runOnlyForDeploymentPostprocessing = 0;
		};
		9C815F5D20AE5356008EDA77 /* Sources */ = {
			isa = PBXSourcesBuildPhase;
			buildActionMask = 2147483647;
			files = (
				9C815F6620AE5356008EDA77 /* Obligatorio2Tests.swift in Sources */,
			);
			runOnlyForDeploymentPostprocessing = 0;
		};
		9C815F6820AE5356008EDA77 /* Sources */ = {
			isa = PBXSourcesBuildPhase;
			buildActionMask = 2147483647;
			files = (
				9C815F7120AE5356008EDA77 /* Obligatorio2UITests.swift in Sources */,
			);
			runOnlyForDeploymentPostprocessing = 0;
		};
/* End PBXSourcesBuildPhase section */

/* Begin PBXTargetDependency section */
		9C815F6320AE5356008EDA77 /* PBXTargetDependency */ = {
			isa = PBXTargetDependency;
			target = 9C815F4C20AE5356008EDA77 /* Obligatorio2 */;
			targetProxy = 9C815F6220AE5356008EDA77 /* PBXContainerItemProxy */;
		};
		9C815F6E20AE5356008EDA77 /* PBXTargetDependency */ = {
			isa = PBXTargetDependency;
			target = 9C815F4C20AE5356008EDA77 /* Obligatorio2 */;
			targetProxy = 9C815F6D20AE5356008EDA77 /* PBXContainerItemProxy */;
		};
/* End PBXTargetDependency section */

/* Begin PBXVariantGroup section */
		9C815F5420AE5356008EDA77 /* Main.storyboard */ = {
			isa = PBXVariantGroup;
			children = (
				9C815F5520AE5356008EDA77 /* Base */,
			);
			name = Main.storyboard;
			sourceTree = "<group>";
		};
		9C815F5920AE5356008EDA77 /* LaunchScreen.storyboard */ = {
			isa = PBXVariantGroup;
			children = (
				9C815F5A20AE5356008EDA77 /* Base */,
			);
			name = LaunchScreen.storyboard;
			sourceTree = "<group>";
		};
/* End PBXVariantGroup section */

/* Begin XCBuildConfiguration section */
		9C815F7320AE5356008EDA77 /* Debug */ = {
			isa = XCBuildConfiguration;
			buildSettings = {
				ALWAYS_SEARCH_USER_PATHS = NO;
				CLANG_ANALYZER_NONNULL = YES;
				CLANG_ANALYZER_NUMBER_OBJECT_CONVERSION = YES_AGGRESSIVE;
				CLANG_CXX_LANGUAGE_STANDARD = "gnu++14";
				CLANG_CXX_LIBRARY = "libc++";
				CLANG_ENABLE_MODULES = YES;
				CLANG_ENABLE_OBJC_ARC = YES;
				CLANG_WARN_BLOCK_CAPTURE_AUTORELEASING = YES;
				CLANG_WARN_BOOL_CONVERSION = YES;
				CLANG_WARN_COMMA = YES;
				CLANG_WARN_CONSTANT_CONVERSION = YES;
				CLANG_WARN_DIRECT_OBJC_ISA_USAGE = YES_ERROR;
				CLANG_WARN_DOCUMENTATION_COMMENTS = YES;
				CLANG_WARN_EMPTY_BODY = YES;
				CLANG_WARN_ENUM_CONVERSION = YES;
				CLANG_WARN_INFINITE_RECURSION = YES;
				CLANG_WARN_INT_CONVERSION = YES;
				CLANG_WARN_NON_LITERAL_NULL_CONVERSION = YES;
				CLANG_WARN_OBJC_LITERAL_CONVERSION = YES;
				CLANG_WARN_OBJC_ROOT_CLASS = YES_ERROR;
				CLANG_WARN_RANGE_LOOP_ANALYSIS = YES;
				CLANG_WARN_STRICT_PROTOTYPES = YES;
				CLANG_WARN_SUSPICIOUS_MOVE = YES;
				CLANG_WARN_UNGUARDED_AVAILABILITY = YES_AGGRESSIVE;
				CLANG_WARN_UNREACHABLE_CODE = YES;
				CLANG_WARN__DUPLICATE_METHOD_MATCH = YES;
				CODE_SIGN_IDENTITY = "iPhone Developer";
				COPY_PHASE_STRIP = NO;
				DEBUG_INFORMATION_FORMAT = dwarf;
				ENABLE_STRICT_OBJC_MSGSEND = YES;
				ENABLE_TESTABILITY = YES;
				GCC_C_LANGUAGE_STANDARD = gnu11;
				GCC_DYNAMIC_NO_PIC = NO;
				GCC_NO_COMMON_BLOCKS = YES;
				GCC_OPTIMIZATION_LEVEL = 0;
				GCC_PREPROCESSOR_DEFINITIONS = (
					"DEBUG=1",
					"$(inherited)",
				);
				GCC_WARN_64_TO_32_BIT_CONVERSION = YES;
				GCC_WARN_ABOUT_RETURN_TYPE = YES_ERROR;
				GCC_WARN_UNDECLARED_SELECTOR = YES;
				GCC_WARN_UNINITIALIZED_AUTOS = YES_AGGRESSIVE;
				GCC_WARN_UNUSED_FUNCTION = YES;
				GCC_WARN_UNUSED_VARIABLE = YES;
				IPHONEOS_DEPLOYMENT_TARGET = 11.0;
				MTL_ENABLE_DEBUG_INFO = YES;
				ONLY_ACTIVE_ARCH = YES;
				SDKROOT = iphoneos;
				SWIFT_ACTIVE_COMPILATION_CONDITIONS = DEBUG;
				SWIFT_OPTIMIZATION_LEVEL = "-Onone";
			};
			name = Debug;
		};
		9C815F7420AE5356008EDA77 /* Release */ = {
			isa = XCBuildConfiguration;
			buildSettings = {
				ALWAYS_SEARCH_USER_PATHS = NO;
				CLANG_ANALYZER_NONNULL = YES;
				CLANG_ANALYZER_NUMBER_OBJECT_CONVERSION = YES_AGGRESSIVE;
				CLANG_CXX_LANGUAGE_STANDARD = "gnu++14";
				CLANG_CXX_LIBRARY = "libc++";
				CLANG_ENABLE_MODULES = YES;
				CLANG_ENABLE_OBJC_ARC = YES;
				CLANG_WARN_BLOCK_CAPTURE_AUTORELEASING = YES;
				CLANG_WARN_BOOL_CONVERSION = YES;
				CLANG_WARN_COMMA = YES;
				CLANG_WARN_CONSTANT_CONVERSION = YES;
				CLANG_WARN_DIRECT_OBJC_ISA_USAGE = YES_ERROR;
				CLANG_WARN_DOCUMENTATION_COMMENTS = YES;
				CLANG_WARN_EMPTY_BODY = YES;
				CLANG_WARN_ENUM_CONVERSION = YES;
				CLANG_WARN_INFINITE_RECURSION = YES;
				CLANG_WARN_INT_CONVERSION = YES;
				CLANG_WARN_NON_LITERAL_NULL_CONVERSION = YES;
				CLANG_WARN_OBJC_LITERAL_CONVERSION = YES;
				CLANG_WARN_OBJC_ROOT_CLASS = YES_ERROR;
				CLANG_WARN_RANGE_LOOP_ANALYSIS = YES;
				CLANG_WARN_STRICT_PROTOTYPES = YES;
				CLANG_WARN_SUSPICIOUS_MOVE = YES;
				CLANG_WARN_UNGUARDED_AVAILABILITY = YES_AGGRESSIVE;
				CLANG_WARN_UNREACHABLE_CODE = YES;
				CLANG_WARN__DUPLICATE_METHOD_MATCH = YES;
				CODE_SIGN_IDENTITY = "iPhone Developer";
				COPY_PHASE_STRIP = NO;
				DEBUG_INFORMATION_FORMAT = "dwarf-with-dsym";
				ENABLE_NS_ASSERTIONS = NO;
				ENABLE_STRICT_OBJC_MSGSEND = YES;
				GCC_C_LANGUAGE_STANDARD = gnu11;
				GCC_NO_COMMON_BLOCKS = YES;
				GCC_WARN_64_TO_32_BIT_CONVERSION = YES;
				GCC_WARN_ABOUT_RETURN_TYPE = YES_ERROR;
				GCC_WARN_UNDECLARED_SELECTOR = YES;
				GCC_WARN_UNINITIALIZED_AUTOS = YES_AGGRESSIVE;
				GCC_WARN_UNUSED_FUNCTION = YES;
				GCC_WARN_UNUSED_VARIABLE = YES;
				IPHONEOS_DEPLOYMENT_TARGET = 11.0;
				MTL_ENABLE_DEBUG_INFO = NO;
				SDKROOT = iphoneos;
				SWIFT_OPTIMIZATION_LEVEL = "-Owholemodule";
				VALIDATE_PRODUCT = YES;
			};
			name = Release;
		};
		9C815F7620AE5356008EDA77 /* Debug */ = {
			isa = XCBuildConfiguration;
			buildSettings = {
				ASSETCATALOG_COMPILER_APPICON_NAME = AppIcon;
				CODE_SIGN_STYLE = Automatic;
				INFOPLIST_FILE = Obligatorio2/Info.plist;
				LD_RUNPATH_SEARCH_PATHS = "$(inherited) @executable_path/Frameworks";
				PRODUCT_BUNDLE_IDENTIFIER = test.Obligatorio2;
				PRODUCT_NAME = "$(TARGET_NAME)";
				SWIFT_VERSION = 4.0;
				TARGETED_DEVICE_FAMILY = "1,2";
			};
			name = Debug;
		};
		9C815F7720AE5356008EDA77 /* Release */ = {
			isa = XCBuildConfiguration;
			buildSettings = {
				ASSETCATALOG_COMPILER_APPICON_NAME = AppIcon;
				CODE_SIGN_STYLE = Automatic;
				INFOPLIST_FILE = Obligatorio2/Info.plist;
				LD_RUNPATH_SEARCH_PATHS = "$(inherited) @executable_path/Frameworks";
				PRODUCT_BUNDLE_IDENTIFIER = test.Obligatorio2;
				PRODUCT_NAME = "$(TARGET_NAME)";
				SWIFT_VERSION = 4.0;
				TARGETED_DEVICE_FAMILY = "1,2";
			};
			name = Release;
		};
		9C815F7920AE5356008EDA77 /* Debug */ = {
			isa = XCBuildConfiguration;
			buildSettings = {
				ALWAYS_EMBED_SWIFT_STANDARD_LIBRARIES = YES;
				BUNDLE_LOADER = "$(TEST_HOST)";
				CODE_SIGN_STYLE = Automatic;
				INFOPLIST_FILE = Obligatorio2Tests/Info.plist;
				LD_RUNPATH_SEARCH_PATHS = "$(inherited) @executable_path/Frameworks @loader_path/Frameworks";
				PRODUCT_BUNDLE_IDENTIFIER = test.Obligatorio2Tests;
				PRODUCT_NAME = "$(TARGET_NAME)";
				SWIFT_VERSION = 4.0;
				TARGETED_DEVICE_FAMILY = "1,2";
				TEST_HOST = "$(BUILT_PRODUCTS_DIR)/Obligatorio2.app/Obligatorio2";
			};
			name = Debug;
		};
		9C815F7A20AE5356008EDA77 /* Release */ = {
			isa = XCBuildConfiguration;
			buildSettings = {
				ALWAYS_EMBED_SWIFT_STANDARD_LIBRARIES = YES;
				BUNDLE_LOADER = "$(TEST_HOST)";
				CODE_SIGN_STYLE = Automatic;
				INFOPLIST_FILE = Obligatorio2Tests/Info.plist;
				LD_RUNPATH_SEARCH_PATHS = "$(inherited) @executable_path/Frameworks @loader_path/Frameworks";
				PRODUCT_BUNDLE_IDENTIFIER = test.Obligatorio2Tests;
				PRODUCT_NAME = "$(TARGET_NAME)";
				SWIFT_VERSION = 4.0;
				TARGETED_DEVICE_FAMILY = "1,2";
				TEST_HOST = "$(BUILT_PRODUCTS_DIR)/Obligatorio2.app/Obligatorio2";
			};
			name = Release;
		};
		9C815F7C20AE5356008EDA77 /* Debug */ = {
			isa = XCBuildConfiguration;
			buildSettings = {
				ALWAYS_EMBED_SWIFT_STANDARD_LIBRARIES = YES;
				CODE_SIGN_STYLE = Automatic;
				INFOPLIST_FILE = Obligatorio2UITests/Info.plist;
				LD_RUNPATH_SEARCH_PATHS = "$(inherited) @executable_path/Frameworks @loader_path/Frameworks";
				PRODUCT_BUNDLE_IDENTIFIER = test.Obligatorio2UITests;
				PRODUCT_NAME = "$(TARGET_NAME)";
				SWIFT_VERSION = 4.0;
				TARGETED_DEVICE_FAMILY = "1,2";
				TEST_TARGET_NAME = Obligatorio2;
			};
			name = Debug;
		};
		9C815F7D20AE5356008EDA77 /* Release */ = {
			isa = XCBuildConfiguration;
			buildSettings = {
				ALWAYS_EMBED_SWIFT_STANDARD_LIBRARIES = YES;
				CODE_SIGN_STYLE = Automatic;
				INFOPLIST_FILE = Obligatorio2UITests/Info.plist;
				LD_RUNPATH_SEARCH_PATHS = "$(inherited) @executable_path/Frameworks @loader_path/Frameworks";
				PRODUCT_BUNDLE_IDENTIFIER = test.Obligatorio2UITests;
				PRODUCT_NAME = "$(TARGET_NAME)";
				SWIFT_VERSION = 4.0;
				TARGETED_DEVICE_FAMILY = "1,2";
				TEST_TARGET_NAME = Obligatorio2;
			};
			name = Release;
		};
/* End XCBuildConfiguration section */

/* Begin XCConfigurationList section */
		9C815F4820AE5356008EDA77 /* Build configuration list for PBXProject "Obligatorio2" */ = {
			isa = XCConfigurationList;
			buildConfigurations = (
				9C815F7320AE5356008EDA77 /* Debug */,
				9C815F7420AE5356008EDA77 /* Release */,
			);
			defaultConfigurationIsVisible = 0;
			defaultConfigurationName = Release;
		};
		9C815F7520AE5356008EDA77 /* Build configuration list for PBXNativeTarget "Obligatorio2" */ = {
			isa = XCConfigurationList;
			buildConfigurations = (
				9C815F7620AE5356008EDA77 /* Debug */,
				9C815F7720AE5356008EDA77 /* Release */,
			);
			defaultConfigurationIsVisible = 0;
			defaultConfigurationName = Release;
		};
		9C815F7820AE5356008EDA77 /* Build configuration list for PBXNativeTarget "Obligatorio2Tests" */ = {
			isa = XCConfigurationList;
			buildConfigurations = (
				9C815F7920AE5356008EDA77 /* Debug */,
				9C815F7A20AE5356008EDA77 /* Release */,
			);
			defaultConfigurationIsVisible = 0;
			defaultConfigurationName = Release;
		};
		9C815F7B20AE5356008EDA77 /* Build configuration list for PBXNativeTarget "Obligatorio2UITests" */ = {
			isa = XCConfigurationList;
			buildConfigurations = (
				9C815F7C20AE5356008EDA77 /* Debug */,
				9C815F7D20AE5356008EDA77 /* Release */,
			);
			defaultConfigurationIsVisible = 0;
			defaultConfigurationName = Release;
		};
/* End XCConfigurationList section */
	};
	rootObject = 9C815F4520AE5356008EDA77 /* Project object */;
}
